
Microsoft Visual Studio Solution File, Format Version 12.00
# Visual Studio Version 17
VisualStudioVersion = 17.6.33723.286
MinimumVisualStudioVersion = 10.0.40219.1
Project("{FAE04EC0-301F-11D3-BF4B-00C04F79EFBC}") = "WinForms Task Manager with DB", "WinForms Task Manager with DB.csproj", "{2A7DB74A-4E16-4767-9F76-FFC0F5B352EE}"
EndProject
Global
	GlobalSection(SolutionConfigurationPlatforms) = preSolution
		Debug|Any CPU = Debug|Any CPU
		Release|Any CPU = Release|Any CPU
	EndGlobalSection
	GlobalSection(ProjectConfigurationPlatforms) = postSolution
		{2A7DB74A-4E16-4767-9F76-FFC0F5B352EE}.Debug|Any CPU.ActiveCfg = Debug|Any CPU
		{2A7DB74A-4E16-4767-9F76-FFC0F5B352EE}.Debug|Any CPU.Build.0 = Debug|Any CPU
		{2A7DB74A-4E16-4767-9F76-FFC0F5B352EE}.Release|Any CPU.ActiveCfg = Release|Any CPU
		{2A7DB74A-4E16-4767-9F76-FFC0F5B352EE}.Release|Any CPU.Build.0 = Release|Any CPU
	EndGlobalSection
	GlobalSection(SolutionProperties) = preSolution
		HideSolutionNode = FALSE
	EndGlobalSection
	GlobalSection(ExtensibilityGlobals) = postSolution
		SolutionGuid = {13269442-B727-43A1-AC5A-894418E6E94F}
	EndGlobalSection
EndGlobal
